
Microsoft Visual Studio Solution File, Format Version 12.00
# Visual Studio 15
VisualStudioVersion = 15.0.28307.329
MinimumVisualStudioVersion = 10.0.40219.1
Project("{FAE04EC0-301F-11D3-BF4B-00C04F79EFBC}") = "OrgChart.API", "OrgChart.API\OrgChart.API.csproj", "{280075F4-ABAC-4AC8-AB47-74E4F8C16532}"
EndProject
Project("{FAE04EC0-301F-11D3-BF4B-00C04F79EFBC}") = "OrgChart.Bll", "OrgChart.Bll\OrgChart.Bll.csproj", "{11049D38-70DF-4765-8F4E-EF557602DDCE}"
EndProject
Project("{FAE04EC0-301F-11D3-BF4B-00C04F79EFBC}") = "OrgChart.Data", "OrgChart.Data\OrgChart.Data.csproj", "{B6A464A6-2959-473E-8E46-49FFC818F40F}"
EndProject
Project("{FAE04EC0-301F-11D3-BF4B-00C04F79EFBC}") = "OrgChart.Helper", "OrgChart.Helper\OrgChart.Helper.csproj", "{EBC3C934-1A02-4186-A8DD-F0149288E3F0}"
EndProject
Global
	GlobalSection(SolutionConfigurationPlatforms) = preSolution
		Debug|Any CPU = Debug|Any CPU
		Release|Any CPU = Release|Any CPU
	EndGlobalSection
	GlobalSection(ProjectConfigurationPlatforms) = postSolution
		{280075F4-ABAC-4AC8-AB47-74E4F8C16532}.Debug|Any CPU.ActiveCfg = Debug|Any CPU
		{280075F4-ABAC-4AC8-AB47-74E4F8C16532}.Debug|Any CPU.Build.0 = Debug|Any CPU
		{280075F4-ABAC-4AC8-AB47-74E4F8C16532}.Release|Any CPU.ActiveCfg = Release|Any CPU
		{280075F4-ABAC-4AC8-AB47-74E4F8C16532}.Release|Any CPU.Build.0 = Release|Any CPU
		{11049D38-70DF-4765-8F4E-EF557602DDCE}.Debug|Any CPU.ActiveCfg = Debug|Any CPU
		{11049D38-70DF-4765-8F4E-EF557602DDCE}.Debug|Any CPU.Build.0 = Debug|Any CPU
		{11049D38-70DF-4765-8F4E-EF557602DDCE}.Release|Any CPU.ActiveCfg = Release|Any CPU
		{11049D38-70DF-4765-8F4E-EF557602DDCE}.Release|Any CPU.Build.0 = Release|Any CPU
		{B6A464A6-2959-473E-8E46-49FFC818F40F}.Debug|Any CPU.ActiveCfg = Debug|Any CPU
		{B6A464A6-2959-473E-8E46-49FFC818F40F}.Debug|Any CPU.Build.0 = Debug|Any CPU
		{B6A464A6-2959-473E-8E46-49FFC818F40F}.Release|Any CPU.ActiveCfg = Release|Any CPU
		{B6A464A6-2959-473E-8E46-49FFC818F40F}.Release|Any CPU.Build.0 = Release|Any CPU
		{EBC3C934-1A02-4186-A8DD-F0149288E3F0}.Debug|Any CPU.ActiveCfg = Debug|Any CPU
		{EBC3C934-1A02-4186-A8DD-F0149288E3F0}.Debug|Any CPU.Build.0 = Debug|Any CPU
		{EBC3C934-1A02-4186-A8DD-F0149288E3F0}.Release|Any CPU.ActiveCfg = Release|Any CPU
		{EBC3C934-1A02-4186-A8DD-F0149288E3F0}.Release|Any CPU.Build.0 = Release|Any CPU
	EndGlobalSection
	GlobalSection(SolutionProperties) = preSolution
		HideSolutionNode = FALSE
	EndGlobalSection
	GlobalSection(ExtensibilityGlobals) = postSolution
		SolutionGuid = {69F518BF-72E0-43C2-BE9E-B537AC700468}
	EndGlobalSection
EndGlobal
